
Microsoft Visual Studio Solution File, Format Version 12.00
Project("{FAE04EC0-301F-11D3-BF4B-00C04F79EFBC}") = "Recipehs.Extractor", "Recipehs.Extractor\Recipehs.Extractor.csproj", "{1C66811A-1EF0-40A3-8634-FE90D91D9ED5}"
EndProject
Project("{FAE04EC0-301F-11D3-BF4B-00C04F79EFBC}") = "Recipehs.Web", "Recipehs.Web\Recipehs.Web.csproj", "{C0C695EC-A003-4076-B98A-E9368561854D}"
EndProject
Project("{FAE04EC0-301F-11D3-BF4B-00C04F79EFBC}") = "Recipehs.Shared", "Recipehs.Shared\Recipehs.Shared.csproj", "{53F9490D-B516-4C4A-9032-6010FD776281}"
EndProject
Project("{FAE04EC0-301F-11D3-BF4B-00C04F79EFBC}") = "Recipehs.Indexer", "Recipehs.Indexer\Recipehs.Indexer.csproj", "{BAFFB8E3-CE8F-41C4-96C2-F93D187B7A98}"
EndProject
Project("{2150E333-8FDC-42A3-9474-1A3956D46DE8}") = "Libs", "Libs", "{1914908E-1E30-4CD0-A46B-50E21824CFD2}"
EndProject
Project("{FAE04EC0-301F-11D3-BF4B-00C04F79EFBC}") = "Recipehs.Crawler", "Recipehs.Crawler\Recipehs.Crawler.csproj", "{8990E7CD-5597-40D5-B2E8-DDD94F674D91}"
EndProject
Global
	GlobalSection(SolutionConfigurationPlatforms) = preSolution
		Debug|Any CPU = Debug|Any CPU
		Release|Any CPU = Release|Any CPU
	EndGlobalSection
	GlobalSection(ProjectConfigurationPlatforms) = postSolution
		{1C66811A-1EF0-40A3-8634-FE90D91D9ED5}.Debug|Any CPU.ActiveCfg = Debug|Any CPU
		{1C66811A-1EF0-40A3-8634-FE90D91D9ED5}.Debug|Any CPU.Build.0 = Debug|Any CPU
		{1C66811A-1EF0-40A3-8634-FE90D91D9ED5}.Release|Any CPU.ActiveCfg = Release|Any CPU
		{1C66811A-1EF0-40A3-8634-FE90D91D9ED5}.Release|Any CPU.Build.0 = Release|Any CPU
		{C0C695EC-A003-4076-B98A-E9368561854D}.Debug|Any CPU.ActiveCfg = Debug|Any CPU
		{C0C695EC-A003-4076-B98A-E9368561854D}.Debug|Any CPU.Build.0 = Debug|Any CPU
		{C0C695EC-A003-4076-B98A-E9368561854D}.Release|Any CPU.ActiveCfg = Release|Any CPU
		{C0C695EC-A003-4076-B98A-E9368561854D}.Release|Any CPU.Build.0 = Release|Any CPU
		{53F9490D-B516-4C4A-9032-6010FD776281}.Debug|Any CPU.ActiveCfg = Debug|Any CPU
		{53F9490D-B516-4C4A-9032-6010FD776281}.Debug|Any CPU.Build.0 = Debug|Any CPU
		{53F9490D-B516-4C4A-9032-6010FD776281}.Release|Any CPU.ActiveCfg = Release|Any CPU
		{53F9490D-B516-4C4A-9032-6010FD776281}.Release|Any CPU.Build.0 = Release|Any CPU
		{BAFFB8E3-CE8F-41C4-96C2-F93D187B7A98}.Debug|Any CPU.ActiveCfg = Debug|Any CPU
		{BAFFB8E3-CE8F-41C4-96C2-F93D187B7A98}.Debug|Any CPU.Build.0 = Debug|Any CPU
		{BAFFB8E3-CE8F-41C4-96C2-F93D187B7A98}.Release|Any CPU.ActiveCfg = Release|Any CPU
		{BAFFB8E3-CE8F-41C4-96C2-F93D187B7A98}.Release|Any CPU.Build.0 = Release|Any CPU
		{8990E7CD-5597-40D5-B2E8-DDD94F674D91}.Debug|Any CPU.ActiveCfg = Debug|Any CPU
		{8990E7CD-5597-40D5-B2E8-DDD94F674D91}.Debug|Any CPU.Build.0 = Debug|Any CPU
		{8990E7CD-5597-40D5-B2E8-DDD94F674D91}.Release|Any CPU.ActiveCfg = Release|Any CPU
		{8990E7CD-5597-40D5-B2E8-DDD94F674D91}.Release|Any CPU.Build.0 = Release|Any CPU
	EndGlobalSection
	GlobalSection(NestedProjects) = preSolution
		{53F9490D-B516-4C4A-9032-6010FD776281} = {1914908E-1E30-4CD0-A46B-50E21824CFD2}
	EndGlobalSection
EndGlobal
